
Microsoft Visual Studio Solution File, Format Version 12.00
# Visual Studio Version 17
VisualStudioVersion = 17.8.34525.116
MinimumVisualStudioVersion = 10.0.40219.1
Project("{9A19103F-16F7-4668-BE54-9A1E7A4F7556}") = "BiometricAuthenticationAPI", "BiometricAuthenticationAPI\BiometricAuthenticationAPI.csproj", "{1F28AEDF-FFAB-433D-A282-9417B18F8236}"
EndProject
Project("{9A19103F-16F7-4668-BE54-9A1E7A4F7556}") = "CheckInKiosk", "CheckInKiosk\CheckInKiosk.csproj", "{2C7A06D9-1A48-47FD-9BD4-B26D3FE735A9}"
EndProject
Global
	GlobalSection(SolutionConfigurationPlatforms) = preSolution
		Debug|Any CPU = Debug|Any CPU
		Release|Any CPU = Release|Any CPU
	EndGlobalSection
	GlobalSection(ProjectConfigurationPlatforms) = postSolution
		{1F28AEDF-FFAB-433D-A282-9417B18F8236}.Debug|Any CPU.ActiveCfg = Debug|Any CPU
		{1F28AEDF-FFAB-433D-A282-9417B18F8236}.Debug|Any CPU.Build.0 = Debug|Any CPU
		{1F28AEDF-FFAB-433D-A282-9417B18F8236}.Release|Any CPU.ActiveCfg = Release|Any CPU
		{1F28AEDF-FFAB-433D-A282-9417B18F8236}.Release|Any CPU.Build.0 = Release|Any CPU
		{2C7A06D9-1A48-47FD-9BD4-B26D3FE735A9}.Debug|Any CPU.ActiveCfg = Debug|Any CPU
		{2C7A06D9-1A48-47FD-9BD4-B26D3FE735A9}.Debug|Any CPU.Build.0 = Debug|Any CPU
		{2C7A06D9-1A48-47FD-9BD4-B26D3FE735A9}.Release|Any CPU.ActiveCfg = Release|Any CPU
		{2C7A06D9-1A48-47FD-9BD4-B26D3FE735A9}.Release|Any CPU.Build.0 = Release|Any CPU
	EndGlobalSection
	GlobalSection(SolutionProperties) = preSolution
		HideSolutionNode = FALSE
	EndGlobalSection
	GlobalSection(ExtensibilityGlobals) = postSolution
		SolutionGuid = {16F4A701-1791-4815-AFE3-493180C08DE4}
	EndGlobalSection
EndGlobal
